
Microsoft Visual Studio Solution File, Format Version 12.00
# Visual Studio 2013
VisualStudioVersion = 12.0.30723.0
MinimumVisualStudioVersion = 10.0.40219.1
Project("{FAE04EC0-301F-11D3-BF4B-00C04F79EFBC}") = "Procedural", "Procedural\Procedural.csproj", "{0889BBAA-CB1B-468C-BD17-6D3069B131A1}"
EndProject
Project("{FAE04EC0-301F-11D3-BF4B-00C04F79EFBC}") = "Objetos", "Objetos\Objetos.csproj", "{7B9C9FF8-9B96-4BC8-B8A7-625C7C3C0B2E}"
EndProject
Global
	GlobalSection(SolutionConfigurationPlatforms) = preSolution
		Debug|Any CPU = Debug|Any CPU
		Release|Any CPU = Release|Any CPU
	EndGlobalSection
	GlobalSection(ProjectConfigurationPlatforms) = postSolution
		{0889BBAA-CB1B-468C-BD17-6D3069B131A1}.Debug|Any CPU.ActiveCfg = Debug|Any CPU
		{0889BBAA-CB1B-468C-BD17-6D3069B131A1}.Debug|Any CPU.Build.0 = Debug|Any CPU
		{0889BBAA-CB1B-468C-BD17-6D3069B131A1}.Release|Any CPU.ActiveCfg = Release|Any CPU
		{0889BBAA-CB1B-468C-BD17-6D3069B131A1}.Release|Any CPU.Build.0 = Release|Any CPU
		{7B9C9FF8-9B96-4BC8-B8A7-625C7C3C0B2E}.Debug|Any CPU.ActiveCfg = Debug|Any CPU
		{7B9C9FF8-9B96-4BC8-B8A7-625C7C3C0B2E}.Debug|Any CPU.Build.0 = Debug|Any CPU
		{7B9C9FF8-9B96-4BC8-B8A7-625C7C3C0B2E}.Release|Any CPU.ActiveCfg = Release|Any CPU
		{7B9C9FF8-9B96-4BC8-B8A7-625C7C3C0B2E}.Release|Any CPU.Build.0 = Release|Any CPU
	EndGlobalSection
	GlobalSection(SolutionProperties) = preSolution
		HideSolutionNode = FALSE
	EndGlobalSection
EndGlobal
